
Microsoft Visual Studio Solution File, Format Version 12.00
# Visual Studio 14
VisualStudioVersion = 14.0.23107.0
MinimumVisualStudioVersion = 10.0.40219.1
Project("{FAE04EC0-301F-11D3-BF4B-00C04F79EFBC}") = "Demos", "Demos\Demos.csproj", "{B856023F-454C-42BE-90D6-06681412A960}"
EndProject
Project("{2150E333-8FDC-42A3-9474-1A3956D46DE8}") = "UserInterface", "UserInterface", "{31FD2A43-C7BF-41C5-8D11-138F2345ED57}"
EndProject
Project("{2150E333-8FDC-42A3-9474-1A3956D46DE8}") = "Front_End", "Front_End", "{2ECDA4C2-84D9-4C01-AE13-2DA74B7B3A67}"
EndProject
Project("{FAE04EC0-301F-11D3-BF4B-00C04F79EFBC}") = "CommonClass", "CommonClass\CommonClass.csproj", "{0253EF6A-4F8F-496E-96F9-DE1B8EE6BAEB}"
EndProject
Project("{2150E333-8FDC-42A3-9474-1A3956D46DE8}") = "BusinessLogic", "BusinessLogic", "{6CCA06A5-C81C-4C7F-840E-44D711636227}"
EndProject
Project("{2150E333-8FDC-42A3-9474-1A3956D46DE8}") = "WebClient", "WebClient", "{93B22171-42FC-405E-9BFE-81DFBD3711BD}"
EndProject
Project("{FAE04EC0-301F-11D3-BF4B-00C04F79EFBC}") = "WebClient.PlatformAPSBase", "WebClient.PlatformAPSBase\WebClient.PlatformAPSBase.csproj", "{3F0E2542-3CA9-4A41-99F5-53520369871E}"
EndProject
Project("{2150E333-8FDC-42A3-9474-1A3956D46DE8}") = "BLL", "BLL", "{CDC599F7-BD28-454F-AEE3-C1E44ED6341C}"
EndProject
Project("{FAE04EC0-301F-11D3-BF4B-00C04F79EFBC}") = "BLL.News", "BLL.News\BLL.News.csproj", "{704D2B8B-300B-4AB9-9AA8-5E9240015424}"
EndProject
Project("{2150E333-8FDC-42A3-9474-1A3956D46DE8}") = "DataAccess", "DataAccess", "{34968B35-4A89-4A86-899A-12C241001A26}"
EndProject
Project("{FAE04EC0-301F-11D3-BF4B-00C04F79EFBC}") = "Model", "Model\Model.csproj", "{E95D143C-22F6-451F-9342-B80409F5A682}"
EndProject
Project("{FAE04EC0-301F-11D3-BF4B-00C04F79EFBC}") = "Access", "Access\Access.csproj", "{9CED4348-E4C3-41A3-9A1C-4A2A3B0A6730}"
EndProject
Project("{FAE04EC0-301F-11D3-BF4B-00C04F79EFBC}") = "WebDemo", "WebDemo\WebDemo.csproj", "{1560BFA2-0070-4407-8D9A-B0FCE23C52CD}"
EndProject
Project("{FAE04EC0-301F-11D3-BF4B-00C04F79EFBC}") = "FileConvert", "FileConvert\FileConvert.csproj", "{02F6B2B6-DAF5-432D-BCB1-C95FBCACDB38}"
EndProject
Project("{FAE04EC0-301F-11D3-BF4B-00C04F79EFBC}") = "ReadTxt", "ReadTxt\ReadTxt.csproj", "{C3DE7C3B-E93A-42B9-8368-B933033DB360}"
EndProject
Project("{FAE04EC0-301F-11D3-BF4B-00C04F79EFBC}") = "InsertionSort", "InsertionSort\InsertionSort.csproj", "{5B4109CE-69E9-4A93-82D0-2DB062BFC3C5}"
EndProject
Project("{2150E333-8FDC-42A3-9474-1A3956D46DE8}") = "Console", "Console", "{3844D276-041C-4552-A62E-B443B945FEB5}"
EndProject
Project("{2150E333-8FDC-42A3-9474-1A3956D46DE8}") = "Try", "Try", "{BBFFAAA0-0DF8-42B0-A0AF-F376A0260D71}"
EndProject
Project("{FAE04EC0-301F-11D3-BF4B-00C04F79EFBC}") = "demo", "demo\demo.csproj", "{607B6FA4-E955-4E9F-A6B6-33F27FF2BE7E}"
EndProject
Project("{FAE04EC0-301F-11D3-BF4B-00C04F79EFBC}") = "demo1", "demo1\demo1.csproj", "{2E9EB120-ECA2-4570-96C6-FE844D059099}"
EndProject
Global
	GlobalSection(SolutionConfigurationPlatforms) = preSolution
		Debug|Any CPU = Debug|Any CPU
		Release|Any CPU = Release|Any CPU
	EndGlobalSection
	GlobalSection(ProjectConfigurationPlatforms) = postSolution
		{B856023F-454C-42BE-90D6-06681412A960}.Debug|Any CPU.ActiveCfg = Debug|Any CPU
		{B856023F-454C-42BE-90D6-06681412A960}.Debug|Any CPU.Build.0 = Debug|Any CPU
		{B856023F-454C-42BE-90D6-06681412A960}.Release|Any CPU.ActiveCfg = Release|Any CPU
		{B856023F-454C-42BE-90D6-06681412A960}.Release|Any CPU.Build.0 = Release|Any CPU
		{0253EF6A-4F8F-496E-96F9-DE1B8EE6BAEB}.Debug|Any CPU.ActiveCfg = Debug|Any CPU
		{0253EF6A-4F8F-496E-96F9-DE1B8EE6BAEB}.Debug|Any CPU.Build.0 = Debug|Any CPU
		{0253EF6A-4F8F-496E-96F9-DE1B8EE6BAEB}.Release|Any CPU.ActiveCfg = Release|Any CPU
		{0253EF6A-4F8F-496E-96F9-DE1B8EE6BAEB}.Release|Any CPU.Build.0 = Release|Any CPU
		{3F0E2542-3CA9-4A41-99F5-53520369871E}.Debug|Any CPU.ActiveCfg = Debug|Any CPU
		{3F0E2542-3CA9-4A41-99F5-53520369871E}.Debug|Any CPU.Build.0 = Debug|Any CPU
		{3F0E2542-3CA9-4A41-99F5-53520369871E}.Release|Any CPU.ActiveCfg = Release|Any CPU
		{3F0E2542-3CA9-4A41-99F5-53520369871E}.Release|Any CPU.Build.0 = Release|Any CPU
		{704D2B8B-300B-4AB9-9AA8-5E9240015424}.Debug|Any CPU.ActiveCfg = Debug|Any CPU
		{704D2B8B-300B-4AB9-9AA8-5E9240015424}.Debug|Any CPU.Build.0 = Debug|Any CPU
		{704D2B8B-300B-4AB9-9AA8-5E9240015424}.Release|Any CPU.ActiveCfg = Release|Any CPU
		{704D2B8B-300B-4AB9-9AA8-5E9240015424}.Release|Any CPU.Build.0 = Release|Any CPU
		{E95D143C-22F6-451F-9342-B80409F5A682}.Debug|Any CPU.ActiveCfg = Debug|Any CPU
		{E95D143C-22F6-451F-9342-B80409F5A682}.Debug|Any CPU.Build.0 = Debug|Any CPU
		{E95D143C-22F6-451F-9342-B80409F5A682}.Release|Any CPU.ActiveCfg = Release|Any CPU
		{E95D143C-22F6-451F-9342-B80409F5A682}.Release|Any CPU.Build.0 = Release|Any CPU
		{9CED4348-E4C3-41A3-9A1C-4A2A3B0A6730}.Debug|Any CPU.ActiveCfg = Debug|Any CPU
		{9CED4348-E4C3-41A3-9A1C-4A2A3B0A6730}.Debug|Any CPU.Build.0 = Debug|Any CPU
		{9CED4348-E4C3-41A3-9A1C-4A2A3B0A6730}.Release|Any CPU.ActiveCfg = Release|Any CPU
		{9CED4348-E4C3-41A3-9A1C-4A2A3B0A6730}.Release|Any CPU.Build.0 = Release|Any CPU
		{1560BFA2-0070-4407-8D9A-B0FCE23C52CD}.Debug|Any CPU.ActiveCfg = Debug|Any CPU
		{1560BFA2-0070-4407-8D9A-B0FCE23C52CD}.Debug|Any CPU.Build.0 = Debug|Any CPU
		{1560BFA2-0070-4407-8D9A-B0FCE23C52CD}.Release|Any CPU.ActiveCfg = Release|Any CPU
		{1560BFA2-0070-4407-8D9A-B0FCE23C52CD}.Release|Any CPU.Build.0 = Release|Any CPU
		{02F6B2B6-DAF5-432D-BCB1-C95FBCACDB38}.Debug|Any CPU.ActiveCfg = Debug|Any CPU
		{02F6B2B6-DAF5-432D-BCB1-C95FBCACDB38}.Debug|Any CPU.Build.0 = Debug|Any CPU
		{02F6B2B6-DAF5-432D-BCB1-C95FBCACDB38}.Release|Any CPU.ActiveCfg = Release|Any CPU
		{02F6B2B6-DAF5-432D-BCB1-C95FBCACDB38}.Release|Any CPU.Build.0 = Release|Any CPU
		{C3DE7C3B-E93A-42B9-8368-B933033DB360}.Debug|Any CPU.ActiveCfg = Debug|Any CPU
		{C3DE7C3B-E93A-42B9-8368-B933033DB360}.Debug|Any CPU.Build.0 = Debug|Any CPU
		{C3DE7C3B-E93A-42B9-8368-B933033DB360}.Release|Any CPU.ActiveCfg = Release|Any CPU
		{C3DE7C3B-E93A-42B9-8368-B933033DB360}.Release|Any CPU.Build.0 = Release|Any CPU
		{5B4109CE-69E9-4A93-82D0-2DB062BFC3C5}.Debug|Any CPU.ActiveCfg = Debug|Any CPU
		{5B4109CE-69E9-4A93-82D0-2DB062BFC3C5}.Debug|Any CPU.Build.0 = Debug|Any CPU
		{5B4109CE-69E9-4A93-82D0-2DB062BFC3C5}.Release|Any CPU.ActiveCfg = Release|Any CPU
		{5B4109CE-69E9-4A93-82D0-2DB062BFC3C5}.Release|Any CPU.Build.0 = Release|Any CPU
		{607B6FA4-E955-4E9F-A6B6-33F27FF2BE7E}.Debug|Any CPU.ActiveCfg = Debug|Any CPU
		{607B6FA4-E955-4E9F-A6B6-33F27FF2BE7E}.Debug|Any CPU.Build.0 = Debug|Any CPU
		{607B6FA4-E955-4E9F-A6B6-33F27FF2BE7E}.Release|Any CPU.ActiveCfg = Release|Any CPU
		{607B6FA4-E955-4E9F-A6B6-33F27FF2BE7E}.Release|Any CPU.Build.0 = Release|Any CPU
		{2E9EB120-ECA2-4570-96C6-FE844D059099}.Debug|Any CPU.ActiveCfg = Debug|Any CPU
		{2E9EB120-ECA2-4570-96C6-FE844D059099}.Debug|Any CPU.Build.0 = Debug|Any CPU
		{2E9EB120-ECA2-4570-96C6-FE844D059099}.Release|Any CPU.ActiveCfg = Release|Any CPU
		{2E9EB120-ECA2-4570-96C6-FE844D059099}.Release|Any CPU.Build.0 = Release|Any CPU
	EndGlobalSection
	GlobalSection(SolutionProperties) = preSolution
		HideSolutionNode = FALSE
	EndGlobalSection
	GlobalSection(NestedProjects) = preSolution
		{B856023F-454C-42BE-90D6-06681412A960} = {2ECDA4C2-84D9-4C01-AE13-2DA74B7B3A67}
		{2ECDA4C2-84D9-4C01-AE13-2DA74B7B3A67} = {31FD2A43-C7BF-41C5-8D11-138F2345ED57}
		{0253EF6A-4F8F-496E-96F9-DE1B8EE6BAEB} = {2ECDA4C2-84D9-4C01-AE13-2DA74B7B3A67}
		{93B22171-42FC-405E-9BFE-81DFBD3711BD} = {6CCA06A5-C81C-4C7F-840E-44D711636227}
		{3F0E2542-3CA9-4A41-99F5-53520369871E} = {93B22171-42FC-405E-9BFE-81DFBD3711BD}
		{CDC599F7-BD28-454F-AEE3-C1E44ED6341C} = {6CCA06A5-C81C-4C7F-840E-44D711636227}
		{704D2B8B-300B-4AB9-9AA8-5E9240015424} = {CDC599F7-BD28-454F-AEE3-C1E44ED6341C}
		{E95D143C-22F6-451F-9342-B80409F5A682} = {34968B35-4A89-4A86-899A-12C241001A26}
		{9CED4348-E4C3-41A3-9A1C-4A2A3B0A6730} = {34968B35-4A89-4A86-899A-12C241001A26}
		{1560BFA2-0070-4407-8D9A-B0FCE23C52CD} = {31FD2A43-C7BF-41C5-8D11-138F2345ED57}
		{02F6B2B6-DAF5-432D-BCB1-C95FBCACDB38} = {31FD2A43-C7BF-41C5-8D11-138F2345ED57}
		{C3DE7C3B-E93A-42B9-8368-B933033DB360} = {31FD2A43-C7BF-41C5-8D11-138F2345ED57}
		{5B4109CE-69E9-4A93-82D0-2DB062BFC3C5} = {31FD2A43-C7BF-41C5-8D11-138F2345ED57}
		{3844D276-041C-4552-A62E-B443B945FEB5} = {31FD2A43-C7BF-41C5-8D11-138F2345ED57}
		{BBFFAAA0-0DF8-42B0-A0AF-F376A0260D71} = {3844D276-041C-4552-A62E-B443B945FEB5}
		{607B6FA4-E955-4E9F-A6B6-33F27FF2BE7E} = {BBFFAAA0-0DF8-42B0-A0AF-F376A0260D71}
		{2E9EB120-ECA2-4570-96C6-FE844D059099} = {BBFFAAA0-0DF8-42B0-A0AF-F376A0260D71}
	EndGlobalSection
EndGlobal
